
Microsoft Visual Studio Solution File, Format Version 12.00
# Visual Studio Version 17
VisualStudioVersion = 17.11.35219.272
MinimumVisualStudioVersion = 10.0.40219.1
Project("{FAE04EC0-301F-11D3-BF4B-00C04F79EFBC}") = "Task Manager App", "Task Manager App.csproj", "{DCC30B75-B388-4776-B6B5-6288D6071007}"
EndProject
Global
	GlobalSection(SolutionConfigurationPlatforms) = preSolution
		Debug|Any CPU = Debug|Any CPU
		Release|Any CPU = Release|Any CPU
	EndGlobalSection
	GlobalSection(ProjectConfigurationPlatforms) = postSolution
		{DCC30B75-B388-4776-B6B5-6288D6071007}.Debug|Any CPU.ActiveCfg = Debug|Any CPU
		{DCC30B75-B388-4776-B6B5-6288D6071007}.Debug|Any CPU.Build.0 = Debug|Any CPU
		{DCC30B75-B388-4776-B6B5-6288D6071007}.Release|Any CPU.ActiveCfg = Release|Any CPU
		{DCC30B75-B388-4776-B6B5-6288D6071007}.Release|Any CPU.Build.0 = Release|Any CPU
	EndGlobalSection
	GlobalSection(SolutionProperties) = preSolution
		HideSolutionNode = FALSE
	EndGlobalSection
	GlobalSection(ExtensibilityGlobals) = postSolution
		SolutionGuid = {737F95AA-5783-4F60-AEC5-759074772CBA}
	EndGlobalSection
EndGlobal
